
Microsoft Visual Studio Solution File, Format Version 12.00
# Visual Studio Version 16
VisualStudioVersion = 16.0.31205.134
MinimumVisualStudioVersion = 10.0.40219.1
Project("{FAE04EC0-301F-11D3-BF4B-00C04F79EFBC}") = "homefit", "homefit\homefit.csproj", "{192362EE-42F8-4056-A75E-C80E910AAFE7}"
EndProject
Global
	GlobalSection(SolutionConfigurationPlatforms) = preSolution
		Debug|Any CPU = Debug|Any CPU
		Release|Any CPU = Release|Any CPU
	EndGlobalSection
	GlobalSection(ProjectConfigurationPlatforms) = postSolution
		{192362EE-42F8-4056-A75E-C80E910AAFE7}.Debug|Any CPU.ActiveCfg = Debug|Any CPU
		{192362EE-42F8-4056-A75E-C80E910AAFE7}.Debug|Any CPU.Build.0 = Debug|Any CPU
		{192362EE-42F8-4056-A75E-C80E910AAFE7}.Release|Any CPU.ActiveCfg = Release|Any CPU
		{192362EE-42F8-4056-A75E-C80E910AAFE7}.Release|Any CPU.Build.0 = Release|Any CPU
	EndGlobalSection
	GlobalSection(SolutionProperties) = preSolution
		HideSolutionNode = FALSE
	EndGlobalSection
	GlobalSection(ExtensibilityGlobals) = postSolution
		SolutionGuid = {543994DA-2BB2-4DEE-9EF4-52AAE9295DAE}
	EndGlobalSection
EndGlobal
